// !$*UTF8*$!
{
	archiveVersion = 1;
	classes = {
	};
	objectVersion = 51;
	objects = {

/* Begin PBXBuildFile section */
		14B5A40928F660D84D351F52 /* Pods_CommonWheels.framework in Frameworks */ = {isa = PBXBuildFile; fileRef = 66C41CD47F940A4E910ED973 /* Pods_CommonWheels.framework */; };
		61C65ADC242204E3008B44E0 /* AppDelegate.swift in Sources */ = {isa = PBXBuildFile; fileRef = 61C65ADB242204E3008B44E0 /* AppDelegate.swift */; };
		61C65ADE242204E3008B44E0 /* SceneDelegate.swift in Sources */ = {isa = PBXBuildFile; fileRef = 61C65ADD242204E3008B44E0 /* SceneDelegate.swift */; };
		61C65AE0242204E3008B44E0 /* ContentView.swift in Sources */ = {isa = PBXBuildFile; fileRef = 61C65ADF242204E3008B44E0 /* ContentView.swift */; };
		61C65AE2242204E6008B44E0 /* Assets.xcassets in Resources */ = {isa = PBXBuildFile; fileRef = 61C65AE1242204E6008B44E0 /* Assets.xcassets */; };
		61C65AE5242204E6008B44E0 /* Preview Assets.xcassets in Resources */ = {isa = PBXBuildFile; fileRef = 61C65AE4242204E6008B44E0 /* Preview Assets.xcassets */; };
		61C65AE8242204E6008B44E0 /* LaunchScreen.storyboard in Resources */ = {isa = PBXBuildFile; fileRef = 61C65AE6242204E6008B44E0 /* LaunchScreen.storyboard */; };
		61C65AF52422062E008B44E0 /* AutoCalculationable.swift in Sources */ = {isa = PBXBuildFile; fileRef = 61C65AF12422062E008B44E0 /* AutoCalculationable.swift */; };
		61C65AF62422062E008B44E0 /* Screenshotable.swift in Sources */ = {isa = PBXBuildFile; fileRef = 61C65AF22422062E008B44E0 /* Screenshotable.swift */; };
		61C65AF72422062E008B44E0 /* Inchable.swift in Sources */ = {isa = PBXBuildFile; fileRef = 61C65AF32422062E008B44E0 /* Inchable.swift */; };
		61C65AF82422062E008B44E0 /* Authorityable.swift in Sources */ = {isa = PBXBuildFile; fileRef = 61C65AF42422062E008B44E0 /* Authorityable.swift */; };
		61C65AFF242225C6008B44E0 /* TestViewController.swift in Sources */ = {isa = PBXBuildFile; fileRef = 61C65AFE242225C6008B44E0 /* TestViewController.swift */; };
		61C65B0124222602008B44E0 /* TestStoryboard.storyboard in Resources */ = {isa = PBXBuildFile; fileRef = 61C65B0024222602008B44E0 /* TestStoryboard.storyboard */; };
/* End PBXBuildFile section */

/* Begin PBXFileReference section */
		057A261A02C5A120FBE5CB23 /* Pods-CommonWheels.debug.xcconfig */ = {isa = PBXFileReference; includeInIndex = 1; lastKnownFileType = text.xcconfig; name = "Pods-CommonWheels.debug.xcconfig"; path = "Target Support Files/Pods-CommonWheels/Pods-CommonWheels.debug.xcconfig"; sourceTree = "<group>"; };
		61C65AD8242204E3008B44E0 /* CommonWheels.app */ = {isa = PBXFileReference; explicitFileType = wrapper.application; includeInIndex = 0; path = CommonWheels.app; sourceTree = BUILT_PRODUCTS_DIR; };
		61C65ADB242204E3008B44E0 /* AppDelegate.swift */ = {isa = PBXFileReference; lastKnownFileType = sourcecode.swift; path = AppDelegate.swift; sourceTree = "<group>"; };
		61C65ADD242204E3008B44E0 /* SceneDelegate.swift */ = {isa = PBXFileReference; lastKnownFileType = sourcecode.swift; path = SceneDelegate.swift; sourceTree = "<group>"; };
		61C65ADF242204E3008B44E0 /* ContentView.swift */ = {isa = PBXFileReference; lastKnownFileType = sourcecode.swift; path = ContentView.swift; sourceTree = "<group>"; };
		61C65AE1242204E6008B44E0 /* Assets.xcassets */ = {isa = PBXFileReference; lastKnownFileType = folder.assetcatalog; path = Assets.xcassets; sourceTree = "<group>"; };
		61C65AE4242204E6008B44E0 /* Preview Assets.xcassets */ = {isa = PBXFileReference; lastKnownFileType = folder.assetcatalog; path = "Preview Assets.xcassets"; sourceTree = "<group>"; };
		61C65AE7242204E6008B44E0 /* Base */ = {isa = PBXFileReference; lastKnownFileType = file.storyboard; name = Base; path = Base.lproj/LaunchScreen.storyboard; sourceTree = "<group>"; };
		61C65AE9242204E6008B44E0 /* Info.plist */ = {isa = PBXFileReference; lastKnownFileType = text.plist.xml; path = Info.plist; sourceTree = "<group>"; };
		61C65AF12422062E008B44E0 /* AutoCalculationable.swift */ = {isa = PBXFileReference; fileEncoding = 4; lastKnownFileType = sourcecode.swift; path = AutoCalculationable.swift; sourceTree = "<group>"; };
		61C65AF22422062E008B44E0 /* Screenshotable.swift */ = {isa = PBXFileReference; fileEncoding = 4; lastKnownFileType = sourcecode.swift; path = Screenshotable.swift; sourceTree = "<group>"; };
		61C65AF32422062E008B44E0 /* Inchable.swift */ = {isa = PBXFileReference; fileEncoding = 4; lastKnownFileType = sourcecode.swift; path = Inchable.swift; sourceTree = "<group>"; };
		61C65AF42422062E008B44E0 /* Authorityable.swift */ = {isa = PBXFileReference; fileEncoding = 4; lastKnownFileType = sourcecode.swift; path = Authorityable.swift; sourceTree = "<group>"; };
		61C65AFE242225C6008B44E0 /* TestViewController.swift */ = {isa = PBXFileReference; lastKnownFileType = sourcecode.swift; path = TestViewController.swift; sourceTree = "<group>"; };
		61C65B0024222602008B44E0 /* TestStoryboard.storyboard */ = {isa = PBXFileReference; lastKnownFileType = file.storyboard; path = TestStoryboard.storyboard; sourceTree = "<group>"; };
		66C41CD47F940A4E910ED973 /* Pods_CommonWheels.framework */ = {isa = PBXFileReference; explicitFileType = wrapper.framework; includeInIndex = 0; path = Pods_CommonWheels.framework; sourceTree = BUILT_PRODUCTS_DIR; };
		87019613B9DB3CD6FD20DBFA /* Pods-CommonWheels.release.xcconfig */ = {isa = PBXFileReference; includeInIndex = 1; lastKnownFileType = text.xcconfig; name = "Pods-CommonWheels.release.xcconfig"; path = "Target Support Files/Pods-CommonWheels/Pods-CommonWheels.release.xcconfig"; sourceTree = "<group>"; };
/* End PBXFileReference section */

/* Begin PBXFrameworksBuildPhase section */
		61C65AD5242204E3008B44E0 /* Frameworks */ = {
			isa = PBXFrameworksBuildPhase;
			buildActionMask = 2147483647;
			files = (
				14B5A40928F660D84D351F52 /* Pods_CommonWheels.framework in Frameworks */,
			);
			runOnlyForDeploymentPostprocessing = 0;
		};
/* End PBXFrameworksBuildPhase section */

/* Begin PBXGroup section */
		2080A0CB0C8F0010C2B1E881 /* Pods */ = {
			isa = PBXGroup;
			children = (
				057A261A02C5A120FBE5CB23 /* Pods-CommonWheels.debug.xcconfig */,
				87019613B9DB3CD6FD20DBFA /* Pods-CommonWheels.release.xcconfig */,
			);
			path = Pods;
			sourceTree = "<group>";
		};
		61C65ACF242204E3008B44E0 = {
			isa = PBXGroup;
			children = (
				61C65ADA242204E3008B44E0 /* CommonWheels */,
				61C65AD9242204E3008B44E0 /* Products */,
				2080A0CB0C8F0010C2B1E881 /* Pods */,
				BE4A33F49BFCF1721305F9DB /* Frameworks */,
			);
			sourceTree = "<group>";
		};
		61C65AD9242204E3008B44E0 /* Products */ = {
			isa = PBXGroup;
			children = (
				61C65AD8242204E3008B44E0 /* CommonWheels.app */,
			);
			name = Products;
			sourceTree = "<group>";
		};
		61C65ADA242204E3008B44E0 /* CommonWheels */ = {
			isa = PBXGroup;
			children = (
				61C65AF92422070D008B44E0 /* http */,
				61C65AEF242205D4008B44E0 /* protocol */,
				61C65AF0242205FC008B44E0 /* surpportingFiles */,
				61C65AE3242204E6008B44E0 /* Preview Content */,
				61C65AFE242225C6008B44E0 /* TestViewController.swift */,
				61C65B0024222602008B44E0 /* TestStoryboard.storyboard */,
			);
			path = CommonWheels;
			sourceTree = "<group>";
		};
		61C65AE3242204E6008B44E0 /* Preview Content */ = {
			isa = PBXGroup;
			children = (
				61C65AE4242204E6008B44E0 /* Preview Assets.xcassets */,
			);
			path = "Preview Content";
			sourceTree = "<group>";
		};
		61C65AEF242205D4008B44E0 /* protocol */ = {
			isa = PBXGroup;
			children = (
				61C65AF42422062E008B44E0 /* Authorityable.swift */,
				61C65AF12422062E008B44E0 /* AutoCalculationable.swift */,
				61C65AF32422062E008B44E0 /* Inchable.swift */,
				61C65AF22422062E008B44E0 /* Screenshotable.swift */,
			);
			path = protocol;
			sourceTree = "<group>";
		};
		61C65AF0242205FC008B44E0 /* surpportingFiles */ = {
			isa = PBXGroup;
			children = (
				61C65ADB242204E3008B44E0 /* AppDelegate.swift */,
				61C65ADD242204E3008B44E0 /* SceneDelegate.swift */,
				61C65ADF242204E3008B44E0 /* ContentView.swift */,
				61C65AE1242204E6008B44E0 /* Assets.xcassets */,
				61C65AE6242204E6008B44E0 /* LaunchScreen.storyboard */,
				61C65AE9242204E6008B44E0 /* Info.plist */,
			);
			path = surpportingFiles;
			sourceTree = "<group>";
		};
		61C65AF92422070D008B44E0 /* http */ = {
			isa = PBXGroup;
			children = (
			);
			path = http;
			sourceTree = "<group>";
		};
		BE4A33F49BFCF1721305F9DB /* Frameworks */ = {
			isa = PBXGroup;
			children = (
				66C41CD47F940A4E910ED973 /* Pods_CommonWheels.framework */,
			);
			name = Frameworks;
			sourceTree = "<group>";
		};
/* End PBXGroup section */

/* Begin PBXNativeTarget section */
		61C65AD7242204E3008B44E0 /* CommonWheels */ = {
			isa = PBXNativeTarget;
			buildConfigurationList = 61C65AEC242204E6008B44E0 /* Build configuration list for PBXNativeTarget "CommonWheels" */;
			buildPhases = (
				258CCAF70A85C3763E669033 /* [CP] Check Pods Manifest.lock */,
				61C65AD4242204E3008B44E0 /* Sources */,
				61C65AD5242204E3008B44E0 /* Frameworks */,
				61C65AD6242204E3008B44E0 /* Resources */,
				07DA76625446BD4FDBF69587 /* [CP] Embed Pods Frameworks */,
			);
			buildRules = (
			);
			dependencies = (
			);
			name = CommonWheels;
			productName = CommonWheels;
			productReference = 61C65AD8242204E3008B44E0 /* CommonWheels.app */;
			productType = "com.apple.product-type.application";
		};
/* End PBXNativeTarget section */

/* Begin PBXProject section */
		61C65AD0242204E3008B44E0 /* Project object */ = {
			isa = PBXProject;
			attributes = {
				LastSwiftUpdateCheck = 1130;
				LastUpgradeCheck = 1130;
				ORGANIZATIONNAME = "Utimes-MacbookPro";
				TargetAttributes = {
					61C65AD7242204E3008B44E0 = {
						CreatedOnToolsVersion = 11.3.1;
					};
				};
			};
			buildConfigurationList = 61C65AD3242204E3008B44E0 /* Build configuration list for PBXProject "CommonWheels" */;
			compatibilityVersion = "Xcode 9.3";
			developmentRegion = en;
			hasScannedForEncodings = 0;
			knownRegions = (
				en,
				Base,
			);
			mainGroup = 61C65ACF242204E3008B44E0;
			productRefGroup = 61C65AD9242204E3008B44E0 /* Products */;
			projectDirPath = "";
			projectRoot = "";
			targets = (
				61C65AD7242204E3008B44E0 /* CommonWheels */,
			);
		};
/* End PBXProject section */

/* Begin PBXResourcesBuildPhase section */
		61C65AD6242204E3008B44E0 /* Resources */ = {
			isa = PBXResourcesBuildPhase;
			buildActionMask = 2147483647;
			files = (
				61C65AE8242204E6008B44E0 /* LaunchScreen.storyboard in Resources */,
				61C65B0124222602008B44E0 /* TestStoryboard.storyboard in Resources */,
				61C65AE5242204E6008B44E0 /* Preview Assets.xcassets in Resources */,
				61C65AE2242204E6008B44E0 /* Assets.xcassets in Resources */,
			);
			runOnlyForDeploymentPostprocessing = 0;
		};
/* End PBXResourcesBuildPhase section */

/* Begin PBXShellScriptBuildPhase section */
		07DA76625446BD4FDBF69587 /* [CP] Embed Pods Frameworks */ = {
			isa = PBXShellScriptBuildPhase;
			buildActionMask = 2147483647;
			files = (
			);
			inputFileListPaths = (
				"${PODS_ROOT}/Target Support Files/Pods-CommonWheels/Pods-CommonWheels-frameworks-${CONFIGURATION}-input-files.xcfilelist",
			);
			name = "[CP] Embed Pods Frameworks";
			outputFileListPaths = (
				"${PODS_ROOT}/Target Support Files/Pods-CommonWheels/Pods-CommonWheels-frameworks-${CONFIGURATION}-output-files.xcfilelist",
			);
			runOnlyForDeploymentPostprocessing = 0;
			shellPath = /bin/sh;
			shellScript = "\"${PODS_ROOT}/Target Support Files/Pods-CommonWheels/Pods-CommonWheels-frameworks.sh\"\n";
			showEnvVarsInLog = 0;
		};
		258CCAF70A85C3763E669033 /* [CP] Check Pods Manifest.lock */ = {
			isa = PBXShellScriptBuildPhase;
			buildActionMask = 2147483647;
			files = (
			);
			inputFileListPaths = (
			);
			inputPaths = (
				"${PODS_PODFILE_DIR_PATH}/Podfile.lock",
				"${PODS_ROOT}/Manifest.lock",
			);
			name = "[CP] Check Pods Manifest.lock";
			outputFileListPaths = (
			);
			outputPaths = (
				"$(DERIVED_FILE_DIR)/Pods-CommonWheels-checkManifestLockResult.txt",
			);
			runOnlyForDeploymentPostprocessing = 0;
			shellPath = /bin/sh;
			shellScript = "diff \"${PODS_PODFILE_DIR_PATH}/Podfile.lock\" \"${PODS_ROOT}/Manifest.lock\" > /dev/null\nif [ $? != 0 ] ; then\n    # print error to STDERR\n    echo \"error: The sandbox is not in sync with the Podfile.lock. Run 'pod install' or update your CocoaPods installation.\" >&2\n    exit 1\nfi\n# This output is used by Xcode 'outputs' to avoid re-running this script phase.\necho \"SUCCESS\" > \"${SCRIPT_OUTPUT_FILE_0}\"\n";
			showEnvVarsInLog = 0;
		};
/* End PBXShellScriptBuildPhase section */

/* Begin PBXSourcesBuildPhase section */
		61C65AD4242204E3008B44E0 /* Sources */ = {
			isa = PBXSourcesBuildPhase;
			buildActionMask = 2147483647;
			files = (
				61C65AF52422062E008B44E0 /* AutoCalculationable.swift in Sources */,
				61C65AF62422062E008B44E0 /* Screenshotable.swift in Sources */,
				61C65AFF242225C6008B44E0 /* TestViewController.swift in Sources */,
				61C65ADC242204E3008B44E0 /* AppDelegate.swift in Sources */,
				61C65AF82422062E008B44E0 /* Authorityable.swift in Sources */,
				61C65AF72422062E008B44E0 /* Inchable.swift in Sources */,
				61C65ADE242204E3008B44E0 /* SceneDelegate.swift in Sources */,
				61C65AE0242204E3008B44E0 /* ContentView.swift in Sources */,
			);
			runOnlyForDeploymentPostprocessing = 0;
		};
/* End PBXSourcesBuildPhase section */

/* Begin PBXVariantGroup section */
		61C65AE6242204E6008B44E0 /* LaunchScreen.storyboard */ = {
			isa = PBXVariantGroup;
			children = (
				61C65AE7242204E6008B44E0 /* Base */,
			);
			name = LaunchScreen.storyboard;
			sourceTree = "<group>";
		};
/* End PBXVariantGroup section */

/* Begin XCBuildConfiguration section */
		61C65AEA242204E6008B44E0 /* Debug */ = {
			isa = XCBuildConfiguration;
			buildSettings = {
				ALWAYS_SEARCH_USER_PATHS = NO;
				CLANG_ANALYZER_NONNULL = YES;
				CLANG_ANALYZER_NUMBER_OBJECT_CONVERSION = YES_AGGRESSIVE;
				CLANG_CXX_LANGUAGE_STANDARD = "gnu++14";
				CLANG_CXX_LIBRARY = "libc++";
				CLANG_ENABLE_MODULES = YES;
				CLANG_ENABLE_OBJC_ARC = YES;
				CLANG_ENABLE_OBJC_WEAK = YES;
				CLANG_WARN_BLOCK_CAPTURE_AUTORELEASING = YES;
				CLANG_WARN_BOOL_CONVERSION = YES;
				CLANG_WARN_COMMA = YES;
				CLANG_WARN_CONSTANT_CONVERSION = YES;
				CLANG_WARN_DEPRECATED_OBJC_IMPLEMENTATIONS = YES;
				CLANG_WARN_DIRECT_OBJC_ISA_USAGE = YES_ERROR;
				CLANG_WARN_DOCUMENTATION_COMMENTS = YES;
				CLANG_WARN_EMPTY_BODY = YES;
				CLANG_WARN_ENUM_CONVERSION = YES;
				CLANG_WARN_INFINITE_RECURSION = YES;
				CLANG_WARN_INT_CONVERSION = YES;
				CLANG_WARN_NON_LITERAL_NULL_CONVERSION = YES;
				CLANG_WARN_OBJC_IMPLICIT_RETAIN_SELF = YES;
				CLANG_WARN_OBJC_LITERAL_CONVERSION = YES;
				CLANG_WARN_OBJC_ROOT_CLASS = YES_ERROR;
				CLANG_WARN_RANGE_LOOP_ANALYSIS = YES;
				CLANG_WARN_STRICT_PROTOTYPES = YES;
				CLANG_WARN_SUSPICIOUS_MOVE = YES;
				CLANG_WARN_UNGUARDED_AVAILABILITY = YES_AGGRESSIVE;
				CLANG_WARN_UNREACHABLE_CODE = YES;
				CLANG_WARN__DUPLICATE_METHOD_MATCH = YES;
				COPY_PHASE_STRIP = NO;
				DEBUG_INFORMATION_FORMAT = dwarf;
				ENABLE_STRICT_OBJC_MSGSEND = YES;
				ENABLE_TESTABILITY = YES;
				GCC_C_LANGUAGE_STANDARD = gnu11;
				GCC_DYNAMIC_NO_PIC = NO;
				GCC_NO_COMMON_BLOCKS = YES;
				GCC_OPTIMIZATION_LEVEL = 0;
				GCC_PREPROCESSOR_DEFINITIONS = (
					"DEBUG=1",
					"$(inherited)",
				);
				GCC_WARN_64_TO_32_BIT_CONVERSION = YES;
				GCC_WARN_ABOUT_RETURN_TYPE = YES_ERROR;
				GCC_WARN_UNDECLARED_SELECTOR = YES;
				GCC_WARN_UNINITIALIZED_AUTOS = YES_AGGRESSIVE;
				GCC_WARN_UNUSED_FUNCTION = YES;
				GCC_WARN_UNUSED_VARIABLE = YES;
				IPHONEOS_DEPLOYMENT_TARGET = 13.2;
				MTL_ENABLE_DEBUG_INFO = INCLUDE_SOURCE;
				MTL_FAST_MATH = YES;
				ONLY_ACTIVE_ARCH = YES;
				SDKROOT = iphoneos;
				SWIFT_ACTIVE_COMPILATION_CONDITIONS = DEBUG;
				SWIFT_OPTIMIZATION_LEVEL = "-Onone";
			};
			name = Debug;
		};
		61C65AEB242204E6008B44E0 /* Release */ = {
			isa = XCBuildConfiguration;
			buildSettings = {
				ALWAYS_SEARCH_USER_PATHS = NO;
				CLANG_ANALYZER_NONNULL = YES;
				CLANG_ANALYZER_NUMBER_OBJECT_CONVERSION = YES_AGGRESSIVE;
				CLANG_CXX_LANGUAGE_STANDARD = "gnu++14";
				CLANG_CXX_LIBRARY = "libc++";
				CLANG_ENABLE_MODULES = YES;
				CLANG_ENABLE_OBJC_ARC = YES;
				CLANG_ENABLE_OBJC_WEAK = YES;
				CLANG_WARN_BLOCK_CAPTURE_AUTORELEASING = YES;
				CLANG_WARN_BOOL_CONVERSION = YES;
				CLANG_WARN_COMMA = YES;
				CLANG_WARN_CONSTANT_CONVERSION = YES;
				CLANG_WARN_DEPRECATED_OBJC_IMPLEMENTATIONS = YES;
				CLANG_WARN_DIRECT_OBJC_ISA_USAGE = YES_ERROR;
				CLANG_WARN_DOCUMENTATION_COMMENTS = YES;
				CLANG_WARN_EMPTY_BODY = YES;
				CLANG_WARN_ENUM_CONVERSION = YES;
				CLANG_WARN_INFINITE_RECURSION = YES;
				CLANG_WARN_INT_CONVERSION = YES;
				CLANG_WARN_NON_LITERAL_NULL_CONVERSION = YES;
				CLANG_WARN_OBJC_IMPLICIT_RETAIN_SELF = YES;
				CLANG_WARN_OBJC_LITERAL_CONVERSION = YES;
				CLANG_WARN_OBJC_ROOT_CLASS = YES_ERROR;
				CLANG_WARN_RANGE_LOOP_ANALYSIS = YES;
				CLANG_WARN_STRICT_PROTOTYPES = YES;
				CLANG_WARN_SUSPICIOUS_MOVE = YES;
				CLANG_WARN_UNGUARDED_AVAILABILITY = YES_AGGRESSIVE;
				CLANG_WARN_UNREACHABLE_CODE = YES;
				CLANG_WARN__DUPLICATE_METHOD_MATCH = YES;
				COPY_PHASE_STRIP = NO;
				DEBUG_INFORMATION_FORMAT = "dwarf-with-dsym";
				ENABLE_NS_ASSERTIONS = NO;
				ENABLE_STRICT_OBJC_MSGSEND = YES;
				GCC_C_LANGUAGE_STANDARD = gnu11;
				GCC_NO_COMMON_BLOCKS = YES;
				GCC_WARN_64_TO_32_BIT_CONVERSION = YES;
				GCC_WARN_ABOUT_RETURN_TYPE = YES_ERROR;
				GCC_WARN_UNDECLARED_SELECTOR = YES;
				GCC_WARN_UNINITIALIZED_AUTOS = YES_AGGRESSIVE;
				GCC_WARN_UNUSED_FUNCTION = YES;
				GCC_WARN_UNUSED_VARIABLE = YES;
				IPHONEOS_DEPLOYMENT_TARGET = 13.2;
				MTL_ENABLE_DEBUG_INFO = NO;
				MTL_FAST_MATH = YES;
				SDKROOT = iphoneos;
				SWIFT_COMPILATION_MODE = wholemodule;
				SWIFT_OPTIMIZATION_LEVEL = "-O";
				VALIDATE_PRODUCT = YES;
			};
			name = Release;
		};
		61C65AED242204E6008B44E0 /* Debug */ = {
			isa = XCBuildConfiguration;
			baseConfigurationReference = 057A261A02C5A120FBE5CB23 /* Pods-CommonWheels.debug.xcconfig */;
			buildSettings = {
				ASSETCATALOG_COMPILER_APPICON_NAME = AppIcon;
				CODE_SIGN_STYLE = Automatic;
				DEVELOPMENT_ASSET_PATHS = "\"CommonWheels/Preview Content\"";
				DEVELOPMENT_TEAM = 7Q3U2473P5;
				ENABLE_PREVIEWS = YES;
				INFOPLIST_FILE = CommonWheels/surpportingFiles/Info.plist;
				LD_RUNPATH_SEARCH_PATHS = (
					"$(inherited)",
					"@executable_path/Frameworks",
				);
				PRODUCT_BUNDLE_IDENTIFIER = aa.bb.com.CommonWheels;
				PRODUCT_NAME = "$(TARGET_NAME)";
				SWIFT_VERSION = 5.0;
				TARGETED_DEVICE_FAMILY = "1,2";
			};
			name = Debug;
		};
		61C65AEE242204E6008B44E0 /* Release */ = {
			isa = XCBuildConfiguration;
			baseConfigurationReference = 87019613B9DB3CD6FD20DBFA /* Pods-CommonWheels.release.xcconfig */;
			buildSettings = {
				ASSETCATALOG_COMPILER_APPICON_NAME = AppIcon;
				CODE_SIGN_STYLE = Automatic;
				DEVELOPMENT_ASSET_PATHS = "\"CommonWheels/Preview Content\"";
				DEVELOPMENT_TEAM = 7Q3U2473P5;
				ENABLE_PREVIEWS = YES;
				INFOPLIST_FILE = CommonWheels/surpportingFiles/Info.plist;
				LD_RUNPATH_SEARCH_PATHS = (
					"$(inherited)",
					"@executable_path/Frameworks",
				);
				PRODUCT_BUNDLE_IDENTIFIER = aa.bb.com.CommonWheels;
				PRODUCT_NAME = "$(TARGET_NAME)";
				SWIFT_VERSION = 5.0;
				TARGETED_DEVICE_FAMILY = "1,2";
			};
			name = Release;
		};
/* End XCBuildConfiguration section */

/* Begin XCConfigurationList section */
		61C65AD3242204E3008B44E0 /* Build configuration list for PBXProject "CommonWheels" */ = {
			isa = XCConfigurationList;
			buildConfigurations = (
				61C65AEA242204E6008B44E0 /* Debug */,
				61C65AEB242204E6008B44E0 /* Release */,
			);
			defaultConfigurationIsVisible = 0;
			defaultConfigurationName = Release;
		};
		61C65AEC242204E6008B44E0 /* Build configuration list for PBXNativeTarget "CommonWheels" */ = {
			isa = XCConfigurationList;
			buildConfigurations = (
				61C65AED242204E6008B44E0 /* Debug */,
				61C65AEE242204E6008B44E0 /* Release */,
			);
			defaultConfigurationIsVisible = 0;
			defaultConfigurationName = Release;
		};
/* End XCConfigurationList section */
	};
	rootObject = 61C65AD0242204E3008B44E0 /* Project object */;
}
