PODS:
  - Alamofire (5.0.4)
  - Moya/Core (14.0.0):
    - Alamofire (~> 5.0)
  - Moya/RxSwift (14.0.0):
    - Moya/Core
    - RxSwift (~> 5.0)
  - RxSwift (5.1.0)

DEPENDENCIES:
  - Moya/RxSwift (~> 14.0)

SPEC REPOS:
  trunk:
    - Alamofire
    - Moya
    - RxSwift

SPEC CHECKSUMS:
  Alamofire: 0fe5fd24b4298dc377a6550da7d5f1b30e286fcb
  Moya: 5b45dacb75adb009f97fde91c204c1e565d31916
  RxSwift: ad5874f24bb0dbffd1e9bb8443604e3578796c7a

PODFILE CHECKSUM: c3d32ad8f16e45f03b3423f0a066d212242fd04c

COCOAPODS: 1.9.1
